#MicroXplorer Configuration settings - do not modify
Dma.Request0=SPI1_TX
Dma.RequestsNb=1
Dma.SPI1_TX.0.Direction=DMA_MEMORY_TO_PERIPH
Dma.SPI1_TX.0.EventEnable=DISABLE
Dma.SPI1_TX.0.Instance=DMA1_Channel3
Dma.SPI1_TX.0.MemDataAlignment=DMA_MDATAALIGN_BYTE
Dma.SPI1_TX.0.MemInc=DMA_MINC_ENABLE
Dma.SPI1_TX.0.Mode=DMA_NORMAL
Dma.SPI1_TX.0.PeriphDataAlignment=DMA_PDATAALIGN_BYTE
Dma.SPI1_TX.0.PeriphInc=DMA_PINC_DISABLE
Dma.SPI1_TX.0.Polarity=HAL_DMAMUX_REQUEST_GEN_RISING
Dma.SPI1_TX.0.Priority=DMA_PRIORITY_LOW
Dma.SPI1_TX.0.RequestNumber=1
Dma.SPI1_TX.0.RequestParameters=Instance,Direction,PeriphInc,MemInc,PeriphDataAlignment,MemDataAlignment,Mode,Priority,Polarity,RequestNumber,SyncPolarity,SyncEnable,EventEnable,SyncRequestNumber
Dma.SPI1_TX.0.SyncEnable=DISABLE
Dma.SPI1_TX.0.SyncPolarity=HAL_DMAMUX_SYNC_NO_EVENT
Dma.SPI1_TX.0.SyncRequestNumber=1
File.Version=6
KeepUserPlacement=true
Mcu.Family=STM32L4
Mcu.IP0=DMA
Mcu.IP1=NVIC
Mcu.IP2=RCC
Mcu.IP3=RNG
Mcu.IP4=SPI1
Mcu.IP5=SPI2
Mcu.IP6=SPI3
Mcu.IP7=SYS
Mcu.IPNb=8
Mcu.Name=STM32L4R5Z(G-I)Tx
Mcu.Package=LQFP144
Mcu.Pin0=PC13
Mcu.Pin1=PC14-OSC32_IN (PC14)
Mcu.Pin10=PB15
Mcu.Pin11=PD8
Mcu.Pin12=PD9
Mcu.Pin13=PD14
Mcu.Pin14=PG5
Mcu.Pin15=PG6
Mcu.Pin16=PG7
Mcu.Pin17=PG8
Mcu.Pin18=PC6
Mcu.Pin19=PC7
Mcu.Pin2=PC15-OSC32_OUT (PC15)
Mcu.Pin20=PC8
Mcu.Pin21=PC9
Mcu.Pin22=PA13 (JTMS/SWDIO)
Mcu.Pin23=PA14 (JTCK/SWCLK)
Mcu.Pin24=PC10
Mcu.Pin25=PC11
Mcu.Pin26=PC12
Mcu.Pin27=PD2
Mcu.Pin28=PG9
Mcu.Pin29=PG10
Mcu.Pin3=PA4
Mcu.Pin30=PG11
Mcu.Pin31=PG12
Mcu.Pin32=PG13
Mcu.Pin33=PG15
Mcu.Pin34=PB3 (JTDO/TRACESWO)
Mcu.Pin35=PB7
Mcu.Pin36=VP_RNG_VS_RNG
Mcu.Pin37=VP_SYS_VS_Systick
Mcu.Pin4=PA5
Mcu.Pin5=PA6
Mcu.Pin6=PA7
Mcu.Pin7=PB12
Mcu.Pin8=PB13
Mcu.Pin9=PB14
Mcu.PinsNb=38
Mcu.ThirdPartyNb=0
Mcu.UserConstants=
Mcu.UserName=STM32L4R5ZITx
MxCube.Version=4.25.0
MxDb.Version=DB.4.0.250
NVIC.BusFault_IRQn=true\:0\:0\:false\:false\:false\:true
NVIC.DMA1_Channel3_IRQn=true\:0\:0\:false\:false\:true\:false
NVIC.DebugMonitor_IRQn=true\:0\:0\:false\:false\:false\:true
NVIC.HardFault_IRQn=true\:0\:0\:false\:false\:false\:true
NVIC.MemoryManagement_IRQn=true\:0\:0\:false\:false\:false\:true
NVIC.NonMaskableInt_IRQn=true\:0\:0\:false\:false\:false\:true
NVIC.PendSV_IRQn=true\:0\:0\:false\:false\:false\:true
NVIC.PriorityGroup=NVIC_PRIORITYGROUP_4
NVIC.SVCall_IRQn=true\:0\:0\:false\:false\:false\:true
NVIC.SysTick_IRQn=true\:0\:0\:true\:false\:true\:true
NVIC.UsageFault_IRQn=true\:0\:0\:false\:false\:false\:true
PA13\ (JTMS/SWDIO).GPIOParameters=GPIO_Label
PA13\ (JTMS/SWDIO).GPIO_Label=TMS
PA13\ (JTMS/SWDIO).Locked=true
PA13\ (JTMS/SWDIO).Mode=Trace_Asynchronous_SW
PA13\ (JTMS/SWDIO).Signal=SYS_JTMS-SWDIO
PA14\ (JTCK/SWCLK).GPIOParameters=GPIO_Label
PA14\ (JTCK/SWCLK).GPIO_Label=TCK
PA14\ (JTCK/SWCLK).Locked=true
PA14\ (JTCK/SWCLK).Mode=Trace_Asynchronous_SW
PA14\ (JTCK/SWCLK).Signal=SYS_JTCK-SWCLK
PA4.Locked=true
PA4.Mode=NSS_Signal_Hard_Output
PA4.Signal=SPI1_NSS
PA5.Locked=true
PA5.Mode=Full_Duplex_Master
PA5.Signal=SPI1_SCK
PA6.Locked=true
PA6.Mode=Full_Duplex_Master
PA6.Signal=SPI1_MISO
PA7.Locked=true
PA7.Mode=Full_Duplex_Master
PA7.Signal=SPI1_MOSI
PB12.GPIOParameters=GPIO_Label
PB12.GPIO_Label=MAG_CS
PB12.Locked=true
PB12.Signal=GPIO_Output
PB13.Locked=true
PB13.Mode=Simplex_Bidirectional_Master
PB13.Signal=SPI2_SCK
PB14.GPIOParameters=GPIO_Speed,GPIO_Label
PB14.GPIO_Label=RedLed
PB14.GPIO_Speed=GPIO_SPEED_FREQ_LOW
PB14.Locked=true
PB14.Signal=GPIO_Output
PB15.Locked=true
PB15.Mode=Simplex_Bidirectional_Master
PB15.Signal=SPI2_MOSI
PB3\ (JTDO/TRACESWO).GPIOParameters=GPIO_Label
PB3\ (JTDO/TRACESWO).GPIO_Label=SWO
PB3\ (JTDO/TRACESWO).Locked=true
PB3\ (JTDO/TRACESWO).Mode=Trace_Asynchronous_SW
PB3\ (JTDO/TRACESWO).Signal=SYS_JTDO-SWO
PB7.GPIOParameters=GPIO_Speed,GPIO_Label
PB7.GPIO_Label=BlueLed
PB7.GPIO_Speed=GPIO_SPEED_FREQ_LOW
PB7.Locked=true
PB7.Signal=GPIO_Output
PC10.Locked=true
PC10.Signal=SDMMC1_D2
PC11.Locked=true
PC11.Signal=SDMMC1_D3
PC12.Locked=true
PC12.Signal=SDMMC1_CK
PC13.GPIOParameters=GPIO_Label
PC13.GPIO_Label=Button1
PC13.Locked=true
PC13.Signal=GPIO_Input
PC14-OSC32_IN\ (PC14).Locked=true
PC14-OSC32_IN\ (PC14).Signal=RCC_OSC32_IN
PC15-OSC32_OUT\ (PC15).Locked=true
PC15-OSC32_OUT\ (PC15).Signal=RCC_OSC32_OUT
PC6.GPIOParameters=GPIO_Label
PC6.GPIO_Label=XL_CS
PC6.Locked=true
PC6.Signal=GPIO_Output
PC7.GPIOParameters=GPIO_Speed,GPIO_Label
PC7.GPIO_Label=GreenLed
PC7.GPIO_Speed=GPIO_SPEED_FREQ_LOW
PC7.Locked=true
PC7.Signal=GPIO_Output
PC8.Locked=true
PC8.Signal=SDMMC1_D0
PC9.GPIOParameters=GPIO_PuPd
PC9.GPIO_PuPd=GPIO_NOPULL
PC9.Locked=true
PC9.Signal=SDMMC1_D1
PCC.Checker=true
PCC.Line=STM32L4R5/S5
PCC.MCU=STM32L4R5Z(G-I)Tx
PCC.PartNumber=STM32L4R5ZITx
PCC.Seq0=0
PCC.Series=STM32L4
PCC.Temperature=25
PCC.Vdd=null
PD14.GPIOParameters=GPIO_PuPd,GPIO_Label
PD14.GPIO_Label=DISPLAY_BUSY
PD14.GPIO_PuPd=GPIO_PULLUP
PD14.Locked=true
PD14.Signal=GPIO_Input
PD2.Locked=true
PD2.Signal=SDMMC1_CMD
PD8.GPIOParameters=GPIO_Label
PD8.GPIO_Label=STLK_RX [STM32F103CBT6_PA3]
PD8.Locked=true
PD8.Signal=USART3_TX
PD9.GPIOParameters=GPIO_Label
PD9.GPIO_Label=STLK_TX [STM32F103CBT6_PA2]
PD9.Locked=true
PD9.Signal=USART3_RX
PG10.Locked=true
PG10.Mode=Full_Duplex_Master
PG10.Signal=SPI3_MISO
PG11.Locked=true
PG11.Mode=Full_Duplex_Master
PG11.Signal=SPI3_MOSI
PG12.GPIOParameters=GPIO_Label
PG12.GPIO_Label=RADIO_CS
PG12.Locked=true
PG12.Signal=GPIO_Output
PG13.GPIOParameters=GPIO_Label
PG13.GPIO_Label=DIO0
PG13.Locked=true
PG13.Signal=GPIO_Input
PG15.GPIOParameters=GPIO_Label
PG15.GPIO_Label=rReset
PG15.Locked=true
PG15.Signal=GPIO_Output
PG5.GPIOParameters=GPIO_Label
PG5.GPIO_Label=USBOver
PG5.Locked=true
PG5.Signal=GPIO_Input
PG6.GPIOParameters=GPIO_Label
PG6.GPIO_Label=USBPower
PG6.Locked=true
PG6.Signal=GPIO_Output
PG7.GPIOParameters=GPIO_Label
PG7.GPIO_Label=STLINK_TX
PG7.Locked=true
PG7.Signal=LPUART1_TX
PG8.GPIOParameters=GPIO_Label
PG8.GPIO_Label=STLINK_RX
PG8.Locked=true
PG8.Signal=LPUART1_RX
PG9.Locked=true
PG9.Mode=Full_Duplex_Master
PG9.Signal=SPI3_SCK
PinOutPanel.RotationAngle=0
ProjectManager.AskForMigrate=true
ProjectManager.BackupPrevious=true
ProjectManager.CompilerOptimize=3
ProjectManager.ComputerToolchain=false
ProjectManager.CoupleFile=true
ProjectManager.CustomerFirmwarePackage=C\:/Users/Admin/STM32Cube/Repository/STM32Cube_FW_L4_V1.11.0
ProjectManager.DefaultFWLocation=true
ProjectManager.DeletePrevious=true
ProjectManager.DeviceId=STM32L4R5ZITx
ProjectManager.FirmwarePackage=STM32Cube FW_L4 V1.11.0
ProjectManager.FreePins=false
ProjectManager.HalAssertFull=false
ProjectManager.HeapSize=0x200
ProjectManager.KeepUserCode=true
ProjectManager.LastFirmware=true
ProjectManager.LibraryCopy=1
ProjectManager.MainLocation=Src
ProjectManager.PreviousToolchain=
ProjectManager.ProjectBuild=false
ProjectManager.ProjectFileName=Nucleo.ioc
ProjectManager.ProjectName=Nucleo
ProjectManager.StackSize=0x400
ProjectManager.TargetToolchain=MDK-ARM V5
ProjectManager.ToolChainLocation=
ProjectManager.UnderRoot=false
ProjectManager.functionlistsort=1-MX_GPIO_Init-GPIO-false-LL-true,2-MX_DMA_Init-DMA-false-LL-true,3-SystemClock_Config-RCC-false-LL-false,4-MX_SPI1_Init-SPI1-false-LL-true,5-MX_RNG_Init-RNG-false-LL-true,6-MX_SPI2_Init-SPI2-false-LL-true,7-MX_SPI3_Init-SPI3-false-LL-true
RCC.48MHZClocksFreq_Value=24000000
RCC.ADC12outputFreq_Value=72000000
RCC.ADC34outputFreq_Value=72000000
RCC.ADCFreq_Value=32000000
RCC.AHBFreq_Value=100000000
RCC.APB1Freq_Value=100000000
RCC.APB1TimFreq_Value=100000000
RCC.APB2Freq_Value=100000000
RCC.APB2TimFreq_Value=100000000
RCC.CK48CLockSelection=RCC_USBCLKSOURCE_PLL
RCC.CRSFreq_Value=48000000
RCC.CortexFreq_Value=100000000
RCC.DFSDM2Freq_Value=16000000
RCC.DFSDMAudioFreq_Value=48000000
RCC.DFSDMFreq_Value=100000000
RCC.DSIFreq_Value=20000000
RCC.DSITXEscFreq_Value=5000000
RCC.EthernetFreq_Value=8000000
RCC.FCLKCortexFreq_Value=100000000
RCC.FMPI2C1Freq_Value=8000000
RCC.FamilyName=M
RCC.HCLKFreq_Value=100000000
RCC.HSE_VALUE=8000000
RCC.HSI48_VALUE=48000000
RCC.HSI_VALUE=16000000
RCC.I2C1Freq_Value=100000000
RCC.I2C2Freq_Value=100000000
RCC.I2C3Freq_Value=100000000
RCC.I2C4Freq_Value=100000000
RCC.I2S1Freq_Value=96000000
RCC.I2S2Freq_Value=96000000
RCC.I2SClocksFreq_Value=48000000
RCC.IPParameters=48MHZClocksFreq_Value,ADC12outputFreq_Value,ADC34outputFreq_Value,ADCFreq_Value,AHBFreq_Value,APB1Freq_Value,APB1TimFreq_Value,APB2Freq_Value,APB2TimFreq_Value,CK48CLockSelection,CRSFreq_Value,CortexFreq_Value,DFSDM2Freq_Value,DFSDMAudioFreq_Value,DFSDMFreq_Value,DSIFreq_Value,DSITXEscFreq_Value,EthernetFreq_Value,FCLKCortexFreq_Value,FMPI2C1Freq_Value,FamilyName,HCLKFreq_Value,HSE_VALUE,HSI48_VALUE,HSI_VALUE,I2C1Freq_Value,I2C2Freq_Value,I2C3Freq_Value,I2C4Freq_Value,I2S1Freq_Value,I2S2Freq_Value,I2SClocksFreq_Value,LCDTFTFreq_Value,LPTIM1Freq_Value,LPTIM2Freq_Value,LPTimerFreq_Value,LPUART1Freq_Value,LSCOPinFreq_Value,LSE_VALUE,LSI_VALUE,MCO1PinFreq_Value,MCO2PinFreq_Value,MCOFreq_Value,MSIClockRange,MSI_VALUE,OCTOSPIMFreq_Value,PLLCLKFreq_Value,PLLDSIFreq_Value,PLLDSIVCOFreq_Value,PLLI2SPCLKFreq_Value,PLLI2SQCLKFreq_Value,PLLI2SQoutputFreq_Value,PLLI2SRCLKFreq_Value,PLLI2SoutputFreq_Value,PLLM1,PLLM2,PLLM3,PLLMCOFreq_Value,PLLMUL,PLLN,PLLP,PLLPoutputFreq_Value,PLLQ,PLLQCLKFreq_Value,PLLQoutputFreq_Value,PLLRCLKFreq_Value,PLLRoutputFreq_Value,PLLSAI1PoutputFreq_Value,PLLSAI1QoutputFreq_Value,PLLSAI1RoutputFreq_Value,PLLSAI2PoutputFreq_Value,PLLSAI2QoutputFreq_Value,PLLSAI2RoutputFreq_Value,PLLSourceVirtual,PRESCALERUSB,PWRFreq_Value,RNGFreq_Value,RTCFreq_Value,RTCHSEDivFreq_Value,SAI1AFreq_Value,SAI1BFreq_Value,SAI1Freq_Value,SAI2Freq_Value,SDIOFreq_Value,SDMMCFreq_Value,SWPMI1Freq_Value,SYSCLKFreq_VALUE,SYSCLKSource,SYSCLKSourceVirtual,TIM15Freq_Value,TIM16Freq_Value,TIM17Freq_Value,TIM1Freq_Value,TIM20Freq_Value,TIM2Freq_Value,TIM3Freq_Value,TIM8Freq_Value,UART4Freq_Value,UART5Freq_Value,USART1Freq_Value,USART2Freq_Value,USART3Freq_Value,USBFreq_Value,VCOI2SInputFreq_Value,VCOI2SOutputFreq_Value,VCOInput2Freq_Value,VCOInput3Freq_Value,VCOInputFreq_Value,VCOInputMFreq_Value,VCOOutput2Freq_Value,VCOOutputFreq_Value,VCOSAI1OutputFreq_Value,VCOSAI2OutputFreq_Value,VcooutputI2S,WatchDogFreq_Value
RCC.LCDTFTFreq_Value=16000000
RCC.LPTIM1Freq_Value=100000000
RCC.LPTIM2Freq_Value=100000000
RCC.LPTimerFreq_Value=8000000
RCC.LPUART1Freq_Value=100000000
RCC.LSCOPinFreq_Value=32000
RCC.LSE_VALUE=32768
RCC.LSI_VALUE=32000
RCC.MCO1PinFreq_Value=100000000
RCC.MCO2PinFreq_Value=16000000
RCC.MCOFreq_Value=72000000
RCC.MSIClockRange=RCC_MSIRANGE_11
RCC.MSI_VALUE=48000000
RCC.OCTOSPIMFreq_Value=100000000
RCC.PLLCLKFreq_Value=96000000
RCC.PLLDSIFreq_Value=160000000
RCC.PLLDSIVCOFreq_Value=320000000
RCC.PLLI2SPCLKFreq_Value=48000000
RCC.PLLI2SQCLKFreq_Value=96000000
RCC.PLLI2SQoutputFreq_Value=96000000
RCC.PLLI2SRCLKFreq_Value=96000000
RCC.PLLI2SoutputFreq_Value=48000000
RCC.PLLM1=2
RCC.PLLM2=2
RCC.PLLM3=2
RCC.PLLMCOFreq_Value=72000000
RCC.PLLMUL=RCC_PLL_MUL9
RCC.PLLN=25
RCC.PLLP=RCC_PLLP_DIV4
RCC.PLLPoutputFreq_Value=50000000
RCC.PLLQ=RCC_PLLQ_DIV8
RCC.PLLQCLKFreq_Value=96000000
RCC.PLLQoutputFreq_Value=25000000
RCC.PLLRCLKFreq_Value=100000000
RCC.PLLRoutputFreq_Value=96000000
RCC.PLLSAI1PoutputFreq_Value=32000000
RCC.PLLSAI1QoutputFreq_Value=32000000
RCC.PLLSAI1RoutputFreq_Value=32000000
RCC.PLLSAI2PoutputFreq_Value=32000000
RCC.PLLSAI2QoutputFreq_Value=32000000
RCC.PLLSAI2RoutputFreq_Value=32000000
RCC.PLLSourceVirtual=RCC_PLLSOURCE_HSI
RCC.PRESCALERUSB=RCC_USBCLKSOURCE_PLL_DIV1_5
RCC.PWRFreq_Value=100000000
RCC.RNGFreq_Value=25000000
RCC.RTCFreq_Value=32000
RCC.RTCHSEDivFreq_Value=4000000
RCC.SAI1AFreq_Value=16000000
RCC.SAI1BFreq_Value=16000000
RCC.SAI1Freq_Value=32000000
RCC.SAI2Freq_Value=32000000
RCC.SDIOFreq_Value=96000000
RCC.SDMMCFreq_Value=50000000
RCC.SWPMI1Freq_Value=23666666.666666668
RCC.SYSCLKFreq_VALUE=100000000
RCC.SYSCLKSource=RCC_SYSCLKSOURCE_PLLCLK
RCC.SYSCLKSourceVirtual=RCC_SYSCLKSOURCE_PLLCLK
RCC.TIM15Freq_Value=72000000
RCC.TIM16Freq_Value=72000000
RCC.TIM17Freq_Value=72000000
RCC.TIM1Freq_Value=72000000
RCC.TIM20Freq_Value=72000000
RCC.TIM2Freq_Value=72000000
RCC.TIM3Freq_Value=72000000
RCC.TIM8Freq_Value=72000000
RCC.UART4Freq_Value=100000000
RCC.UART5Freq_Value=100000000
RCC.USART1Freq_Value=100000000
RCC.USART2Freq_Value=100000000
RCC.USART3Freq_Value=100000000
RCC.USBFreq_Value=25000000
RCC.VCOI2SInputFreq_Value=1000000
RCC.VCOI2SOutputFreq_Value=192000000
RCC.VCOInput2Freq_Value=8000000
RCC.VCOInput3Freq_Value=8000000
RCC.VCOInputFreq_Value=8000000
RCC.VCOInputMFreq_Value=500000
RCC.VCOOutput2Freq_Value=8000000
RCC.VCOOutputFreq_Value=200000000
RCC.VCOSAI1OutputFreq_Value=64000000
RCC.VCOSAI2OutputFreq_Value=64000000
RCC.VcooutputI2S=48000000
RCC.WatchDogFreq_Value=32000
SPI1.BaudRatePrescaler=SPI_BAUDRATEPRESCALER_8
SPI1.CalculateBaudRate=12.5 MBits/s
SPI1.DataSize=SPI_DATASIZE_8BIT
SPI1.Direction=SPI_DIRECTION_2LINES
SPI1.IPParameters=VirtualType,Mode,Direction,BaudRatePrescaler,CalculateBaudRate,VirtualNSS,DataSize
SPI1.Mode=SPI_MODE_MASTER
SPI1.VirtualNSS=VM_NSSHARD
SPI1.VirtualType=VM_MASTER
SPI2.BaudRatePrescaler=SPI_BAUDRATEPRESCALER_8
SPI2.CLKPhase=SPI_PHASE_2EDGE
SPI2.CLKPolarity=SPI_POLARITY_HIGH
SPI2.CalculateBaudRate=12.5 MBits/s
SPI2.DataSize=SPI_DATASIZE_8BIT
SPI2.Direction=SPI_DIRECTION_1LINE
SPI2.IPParameters=VirtualType,Mode,Direction,BaudRatePrescaler,CalculateBaudRate,DataSize,CLKPhase,CLKPolarity
SPI2.Mode=SPI_MODE_MASTER
SPI2.VirtualType=VM_MASTER
SPI3.BaudRatePrescaler=SPI_BAUDRATEPRESCALER_8
SPI3.CalculateBaudRate=12.5 MBits/s
SPI3.DataSize=SPI_DATASIZE_8BIT
SPI3.Direction=SPI_DIRECTION_2LINES
SPI3.IPParameters=VirtualType,Mode,Direction,BaudRatePrescaler,CalculateBaudRate,DataSize
SPI3.Mode=SPI_MODE_MASTER
SPI3.VirtualType=VM_MASTER
VP_RNG_VS_RNG.Mode=RNG_Activate
VP_RNG_VS_RNG.Signal=RNG_VS_RNG
VP_SYS_VS_Systick.Mode=SysTick
VP_SYS_VS_Systick.Signal=SYS_VS_Systick
board=NUCLEO-L4R5ZI
boardIOC=true
